
Microsoft Visual Studio Solution File, Format Version 12.00
# Visual Studio Version 16
VisualStudioVersion = 16.0.30503.244
MinimumVisualStudioVersion = 10.0.40219.1
Project("{FAE04EC0-301F-11D3-BF4B-00C04F79EFBC}") = "Assignment 6 - Searching", "Assignment 6 - Searching\Assignment 6 - Searching.csproj", "{7F7FF5A6-BA0C-40C3-BFB9-0F72225584C0}"
EndProject
Global
	GlobalSection(SolutionConfigurationPlatforms) = preSolution
		Debug|Any CPU = Debug|Any CPU
		Release|Any CPU = Release|Any CPU
	EndGlobalSection
	GlobalSection(ProjectConfigurationPlatforms) = postSolution
		{7F7FF5A6-BA0C-40C3-BFB9-0F72225584C0}.Debug|Any CPU.ActiveCfg = Debug|Any CPU
		{7F7FF5A6-BA0C-40C3-BFB9-0F72225584C0}.Debug|Any CPU.Build.0 = Debug|Any CPU
		{7F7FF5A6-BA0C-40C3-BFB9-0F72225584C0}.Release|Any CPU.ActiveCfg = Release|Any CPU
		{7F7FF5A6-BA0C-40C3-BFB9-0F72225584C0}.Release|Any CPU.Build.0 = Release|Any CPU
	EndGlobalSection
	GlobalSection(SolutionProperties) = preSolution
		HideSolutionNode = FALSE
	EndGlobalSection
	GlobalSection(ExtensibilityGlobals) = postSolution
		SolutionGuid = {220E1190-C10B-404A-893E-11AB530D6F72}
	EndGlobalSection
EndGlobal
